
Microsoft Visual Studio Solution File, Format Version 12.00
# Visual Studio Version 17
VisualStudioVersion = 17.0.31903.59
MinimumVisualStudioVersion = 10.0.40219.1
Project("{FAE04EC0-301F-11D3-BF4B-00C04F79EFBC}") = "Api", "Api\Api.csproj", "{3238236C-1E9B-4378-9FB3-8342038D4585}"
EndProject
Project("{FAE04EC0-301F-11D3-BF4B-00C04F79EFBC}") = "Services", "Services\Services.csproj", "{89E7B6D3-EB70-41C7-A9DE-F076F4FFCB68}"
EndProject
Project("{FAE04EC0-301F-11D3-BF4B-00C04F79EFBC}") = "Model", "Model\Model.csproj", "{57F1F314-F951-4267-8B34-5F290F00A871}"
EndProject
Project("{FAE04EC0-301F-11D3-BF4B-00C04F79EFBC}") = "Repositories", "Repositories\Repositories.csproj", "{FB76178F-3B06-4114-B3B3-69F2855BC326}"
EndProject
Global
	GlobalSection(SolutionConfigurationPlatforms) = preSolution
		Debug|Any CPU = Debug|Any CPU
		Debug|x64 = Debug|x64
		Debug|x86 = Debug|x86
		Release|Any CPU = Release|Any CPU
		Release|x64 = Release|x64
		Release|x86 = Release|x86
	EndGlobalSection
	GlobalSection(ProjectConfigurationPlatforms) = postSolution
		{3238236C-1E9B-4378-9FB3-8342038D4585}.Debug|Any CPU.ActiveCfg = Debug|Any CPU
		{3238236C-1E9B-4378-9FB3-8342038D4585}.Debug|Any CPU.Build.0 = Debug|Any CPU
		{3238236C-1E9B-4378-9FB3-8342038D4585}.Debug|x64.ActiveCfg = Debug|Any CPU
		{3238236C-1E9B-4378-9FB3-8342038D4585}.Debug|x64.Build.0 = Debug|Any CPU
		{3238236C-1E9B-4378-9FB3-8342038D4585}.Debug|x86.ActiveCfg = Debug|Any CPU
		{3238236C-1E9B-4378-9FB3-8342038D4585}.Debug|x86.Build.0 = Debug|Any CPU
		{3238236C-1E9B-4378-9FB3-8342038D4585}.Release|Any CPU.ActiveCfg = Release|Any CPU
		{3238236C-1E9B-4378-9FB3-8342038D4585}.Release|Any CPU.Build.0 = Release|Any CPU
		{3238236C-1E9B-4378-9FB3-8342038D4585}.Release|x64.ActiveCfg = Release|Any CPU
		{3238236C-1E9B-4378-9FB3-8342038D4585}.Release|x64.Build.0 = Release|Any CPU
		{3238236C-1E9B-4378-9FB3-8342038D4585}.Release|x86.ActiveCfg = Release|Any CPU
		{3238236C-1E9B-4378-9FB3-8342038D4585}.Release|x86.Build.0 = Release|Any CPU
		{89E7B6D3-EB70-41C7-A9DE-F076F4FFCB68}.Debug|Any CPU.ActiveCfg = Debug|Any CPU
		{89E7B6D3-EB70-41C7-A9DE-F076F4FFCB68}.Debug|Any CPU.Build.0 = Debug|Any CPU
		{89E7B6D3-EB70-41C7-A9DE-F076F4FFCB68}.Debug|x64.ActiveCfg = Debug|Any CPU
		{89E7B6D3-EB70-41C7-A9DE-F076F4FFCB68}.Debug|x64.Build.0 = Debug|Any CPU
		{89E7B6D3-EB70-41C7-A9DE-F076F4FFCB68}.Debug|x86.ActiveCfg = Debug|Any CPU
		{89E7B6D3-EB70-41C7-A9DE-F076F4FFCB68}.Debug|x86.Build.0 = Debug|Any CPU
		{89E7B6D3-EB70-41C7-A9DE-F076F4FFCB68}.Release|Any CPU.ActiveCfg = Release|Any CPU
		{89E7B6D3-EB70-41C7-A9DE-F076F4FFCB68}.Release|Any CPU.Build.0 = Release|Any CPU
		{89E7B6D3-EB70-41C7-A9DE-F076F4FFCB68}.Release|x64.ActiveCfg = Release|Any CPU
		{89E7B6D3-EB70-41C7-A9DE-F076F4FFCB68}.Release|x64.Build.0 = Release|Any CPU
		{89E7B6D3-EB70-41C7-A9DE-F076F4FFCB68}.Release|x86.ActiveCfg = Release|Any CPU
		{89E7B6D3-EB70-41C7-A9DE-F076F4FFCB68}.Release|x86.Build.0 = Release|Any CPU
		{57F1F314-F951-4267-8B34-5F290F00A871}.Debug|Any CPU.ActiveCfg = Debug|Any CPU
		{57F1F314-F951-4267-8B34-5F290F00A871}.Debug|Any CPU.Build.0 = Debug|Any CPU
		{57F1F314-F951-4267-8B34-5F290F00A871}.Debug|x64.ActiveCfg = Debug|Any CPU
		{57F1F314-F951-4267-8B34-5F290F00A871}.Debug|x64.Build.0 = Debug|Any CPU
		{57F1F314-F951-4267-8B34-5F290F00A871}.Debug|x86.ActiveCfg = Debug|Any CPU
		{57F1F314-F951-4267-8B34-5F290F00A871}.Debug|x86.Build.0 = Debug|Any CPU
		{57F1F314-F951-4267-8B34-5F290F00A871}.Release|Any CPU.ActiveCfg = Release|Any CPU
		{57F1F314-F951-4267-8B34-5F290F00A871}.Release|Any CPU.Build.0 = Release|Any CPU
		{57F1F314-F951-4267-8B34-5F290F00A871}.Release|x64.ActiveCfg = Release|Any CPU
		{57F1F314-F951-4267-8B34-5F290F00A871}.Release|x64.Build.0 = Release|Any CPU
		{57F1F314-F951-4267-8B34-5F290F00A871}.Release|x86.ActiveCfg = Release|Any CPU
		{57F1F314-F951-4267-8B34-5F290F00A871}.Release|x86.Build.0 = Release|Any CPU
		{FB76178F-3B06-4114-B3B3-69F2855BC326}.Debug|Any CPU.ActiveCfg = Debug|Any CPU
		{FB76178F-3B06-4114-B3B3-69F2855BC326}.Debug|Any CPU.Build.0 = Debug|Any CPU
		{FB76178F-3B06-4114-B3B3-69F2855BC326}.Debug|x64.ActiveCfg = Debug|Any CPU
		{FB76178F-3B06-4114-B3B3-69F2855BC326}.Debug|x64.Build.0 = Debug|Any CPU
		{FB76178F-3B06-4114-B3B3-69F2855BC326}.Debug|x86.ActiveCfg = Debug|Any CPU
		{FB76178F-3B06-4114-B3B3-69F2855BC326}.Debug|x86.Build.0 = Debug|Any CPU
		{FB76178F-3B06-4114-B3B3-69F2855BC326}.Release|Any CPU.ActiveCfg = Release|Any CPU
		{FB76178F-3B06-4114-B3B3-69F2855BC326}.Release|Any CPU.Build.0 = Release|Any CPU
		{FB76178F-3B06-4114-B3B3-69F2855BC326}.Release|x64.ActiveCfg = Release|Any CPU
		{FB76178F-3B06-4114-B3B3-69F2855BC326}.Release|x64.Build.0 = Release|Any CPU
		{FB76178F-3B06-4114-B3B3-69F2855BC326}.Release|x86.ActiveCfg = Release|Any CPU
		{FB76178F-3B06-4114-B3B3-69F2855BC326}.Release|x86.Build.0 = Release|Any CPU
	EndGlobalSection
	GlobalSection(SolutionProperties) = preSolution
		HideSolutionNode = FALSE
	EndGlobalSection
EndGlobal
